<?xml version="1.0" encoding="utf-8"?>
<Project ToolsVersion="4.0" xmlns="http://schemas.microsoft.com/developer/msbuild/2003">
  <ItemGroup>
    <Filter Include="소스 파일">
      <UniqueIdentifier>{4FC737F1-C7A5-4376-A066-2A32D752A2FF}</UniqueIdentifier>
      <Extensions>cpp;c;cc;cxx;c++;cppm;ixx;def;odl;idl;hpj;bat;asm;asmx</Extensions>
    </Filter>
    <Filter Include="헤더 파일">
      <UniqueIdentifier>{93995380-89BD-4b04-88EB-625FBE52EBFB}</UniqueIdentifier>
      <Extensions>h;hh;hpp;hxx;h++;hm;inl;inc;ipp;xsd</Extensions>
    </Filter>
    <Filter Include="리소스 파일">
      <UniqueIdentifier>{67DA6AB6-F800-4c08-8B7A-83BB121AAD01}</UniqueIdentifier>
      <Extensions>rc;ico;cur;bmp;dlg;rc2;rct;bin;rgs;gif;jpg;jpeg;jpe;resx;tiff;tif;png;wav;mfcribbon-ms</Extensions>
    </Filter>
    <Filter Include="ImGuiBar">
      <UniqueIdentifier>{172b149b-483d-43d2-a01e-7882db2776de}</UniqueIdentifier>
    </Filter>
    <Filter Include="ImGuiBar\Header">
      <UniqueIdentifier>{9c4edc7a-1002-4539-865c-355964d641e9}</UniqueIdentifier>
    </Filter>
    <Filter Include="ImGuiBar\Source">
      <UniqueIdentifier>{67ae2e5f-ff2c-489e-b36f-79fcbfa80e2f}</UniqueIdentifier>
    </Filter>
    <Filter Include="Macro">
      <UniqueIdentifier>{84c46fa4-27d5-4a22-ac1b-80a994b2d9fa}</UniqueIdentifier>
    </Filter>
    <Filter Include="ImGuiDialog">
      <UniqueIdentifier>{090d0f07-d191-4b24-981b-8b532ba8cf6d}</UniqueIdentifier>
    </Filter>
  </ItemGroup>
  <ItemGroup>
    <ClInclude Include="framework.h">
      <Filter>헤더 파일</Filter>
    </ClInclude>
    <ClInclude Include="targetver.h">
      <Filter>헤더 파일</Filter>
    </ClInclude>
    <ClInclude Include="Resource.h">
      <Filter>헤더 파일</Filter>
    </ClInclude>
    <ClInclude Include="VPMain.h">
      <Filter>헤더 파일</Filter>
    </ClInclude>
    <ClInclude Include="pch.h">
      <Filter>헤더 파일</Filter>
    </ClInclude>
    <ClInclude Include="VP_Editor.h">
      <Filter>헤더 파일</Filter>
    </ClInclude>
    <ClInclude Include="EditorCamera.h">
      <Filter>헤더 파일</Filter>
    </ClInclude>
    <ClInclude Include="FolderTool.h">
      <Filter>ImGuiBar\Header</Filter>
    </ClInclude>
    <ClInclude Include="Hierarchy.h">
      <Filter>ImGuiBar\Header</Filter>
    </ClInclude>
    <ClInclude Include="Inspector.h">
      <Filter>ImGuiBar\Header</Filter>
    </ClInclude>
    <ClInclude Include="Toolbar.h">
      <Filter>ImGuiBar\Header</Filter>
    </ClInclude>
    <ClInclude Include="IImGui.h">
      <Filter>ImGuiBar</Filter>
    </ClInclude>
    <ClInclude Include="HierarchySystem.h">
      <Filter>헤더 파일</Filter>
    </ClInclude>
    <ClInclude Include="ImGuiFileDialog.h">
      <Filter>ImGuiDialog</Filter>
    </ClInclude>
    <ClInclude Include="ImGuiFileDialogConfig.h">
      <Filter>ImGuiDialog</Filter>
    </ClInclude>
    <ClInclude Include="EditorViewPort.h">
      <Filter>ImGuiBar</Filter>
    </ClInclude>
  </ItemGroup>
  <ItemGroup>
    <ClCompile Include="VPMain.cpp">
      <Filter>소스 파일</Filter>
    </ClCompile>
    <ClCompile Include="pch.cpp">
      <Filter>소스 파일</Filter>
    </ClCompile>
    <ClCompile Include="VP_Editor.cpp">
      <Filter>소스 파일</Filter>
    </ClCompile>
    <ClCompile Include="EditorCamera.cpp">
      <Filter>소스 파일</Filter>
    </ClCompile>
    <ClCompile Include="FolderTool.cpp">
      <Filter>ImGuiBar\Source</Filter>
    </ClCompile>
    <ClCompile Include="Hierarchy.cpp">
      <Filter>ImGuiBar\Source</Filter>
    </ClCompile>
    <ClCompile Include="Inspector.cpp">
      <Filter>ImGuiBar\Source</Filter>
    </ClCompile>
    <ClCompile Include="Toolbar.cpp">
      <Filter>ImGuiBar\Source</Filter>
    </ClCompile>
    <ClCompile Include="IImGui.cpp">
      <Filter>ImGuiBar</Filter>
    </ClCompile>
    <ClCompile Include="HierarchySystem.cpp">
      <Filter>소스 파일</Filter>
    </ClCompile>
    <ClCompile Include="ImGuiFileDialog.cpp">
      <Filter>ImGuiDialog</Filter>
    </ClCompile>
    <ClCompile Include="EditorViewPort.cpp">
      <Filter>ImGuiBar</Filter>
    </ClCompile>
  </ItemGroup>
  <ItemGroup>
    <ResourceCompile Include="VP_Editor.rc">
      <Filter>리소스 파일</Filter>
    </ResourceCompile>
  </ItemGroup>
  <ItemGroup>
    <Image Include="small.ico">
      <Filter>리소스 파일</Filter>
    </Image>
    <Image Include="VP_Editor.ico">
      <Filter>리소스 파일</Filter>
    </Image>
  </ItemGroup>
</Project>