<?xml version="1.0" encoding="utf-8"?>
<Project ToolsVersion="4.0" xmlns="http://schemas.microsoft.com/developer/msbuild/2003">
  <ItemGroup>
    <Filter Include="소스 파일">
      <UniqueIdentifier>{4FC737F1-C7A5-4376-A066-2A32D752A2FF}</UniqueIdentifier>
      <Extensions>cpp;c;cc;cxx;c++;cppm;ixx;def;odl;idl;hpj;bat;asm;asmx</Extensions>
    </Filter>
    <Filter Include="헤더 파일">
      <UniqueIdentifier>{93995380-89BD-4b04-88EB-625FBE52EBFB}</UniqueIdentifier>
      <Extensions>h;hh;hpp;hxx;h++;hm;inl;inc;ipp;xsd</Extensions>
    </Filter>
    <Filter Include="리소스 파일">
      <UniqueIdentifier>{67DA6AB6-F800-4c08-8B7A-83BB121AAD01}</UniqueIdentifier>
      <Extensions>rc;ico;cur;bmp;dlg;rc2;rct;bin;rgs;gif;jpg;jpeg;jpe;resx;tiff;tif;png;wav;mfcribbon-ms</Extensions>
    </Filter>
    <Filter Include="소스 파일\Systems">
      <UniqueIdentifier>{3b6abd0c-26b6-48dd-bc04-30f4cbbafd58}</UniqueIdentifier>
    </Filter>
    <Filter Include="DataRegist">
      <UniqueIdentifier>{79705368-ab84-4f9e-8f32-87cff26474d1}</UniqueIdentifier>
    </Filter>
    <Filter Include="Components">
      <UniqueIdentifier>{888a3034-ac31-4f3c-ac2d-4c2847c60009}</UniqueIdentifier>
    </Filter>
    <Filter Include="Components\Source">
      <UniqueIdentifier>{f1bc4eb1-4705-4eac-97ad-bbc57a274af7}</UniqueIdentifier>
    </Filter>
  </ItemGroup>
  <ItemGroup>
    <ClInclude Include="framework.h">
      <Filter>헤더 파일</Filter>
    </ClInclude>
    <ClInclude Include="pch.h">
      <Filter>헤더 파일</Filter>
    </ClInclude>
    <ClInclude Include="VPProcess.h">
      <Filter>헤더 파일</Filter>
    </ClInclude>
    <ClInclude Include="TestCameraSystem.h">
      <Filter>소스 파일\Systems</Filter>
    </ClInclude>
    <ClInclude Include="PlayerSystem.h">
      <Filter>헤더 파일</Filter>
    </ClInclude>
    <ClInclude Include="BulletSystem.h">
      <Filter>헤더 파일</Filter>
    </ClInclude>
    <ClInclude Include="EnemySystem.h">
      <Filter>헤더 파일</Filter>
    </ClInclude>
    <ClInclude Include="VisPredStructs.h">
      <Filter>헤더 파일</Filter>
    </ClInclude>
    <ClInclude Include="DataRegister_Vispred.h">
      <Filter>DataRegist</Filter>
    </ClInclude>
    <ClInclude Include="GunSystem.h">
      <Filter>헤더 파일</Filter>
    </ClInclude>
    <ClInclude Include="GameLogicSystem.h">
      <Filter>헤더 파일</Filter>
    </ClInclude>
    <ClInclude Include="BulletComponent.h">
      <Filter>Components</Filter>
    </ClInclude>
    <ClInclude Include="EnemyComponent.h">
      <Filter>Components</Filter>
    </ClInclude>
    <ClInclude Include="FSMComponent.h">
      <Filter>Components</Filter>
    </ClInclude>
    <ClInclude Include="GunComponent.h">
      <Filter>Components</Filter>
    </ClInclude>
    <ClInclude Include="PlayerComponent.h">
      <Filter>Components</Filter>
    </ClInclude>
    <ClInclude Include="VisPredComponents.h">
      <Filter>Components</Filter>
    </ClInclude>
  </ItemGroup>
  <ItemGroup>
    <ClCompile Include="pch.cpp">
      <Filter>소스 파일</Filter>
    </ClCompile>
    <ClCompile Include="VPProcess.cpp">
      <Filter>소스 파일</Filter>
    </ClCompile>
    <ClCompile Include="TestCameraSystem.cpp">
      <Filter>소스 파일\Systems</Filter>
    </ClCompile>
    <ClCompile Include="PlayerSystem.cpp">
      <Filter>소스 파일</Filter>
    </ClCompile>
    <ClCompile Include="BulletSystem.cpp">
      <Filter>소스 파일</Filter>
    </ClCompile>
    <ClCompile Include="EnemySystem.cpp">
      <Filter>소스 파일</Filter>
    </ClCompile>
    <ClCompile Include="VisPredStructs.cpp">
      <Filter>소스 파일</Filter>
    </ClCompile>
    <ClCompile Include="DataRegister_Vispred.cpp">
      <Filter>DataRegist</Filter>
    </ClCompile>
    <ClCompile Include="GunSystem.cpp">
      <Filter>소스 파일</Filter>
    </ClCompile>
    <ClCompile Include="BulletComponent.cpp">
      <Filter>Components\Source</Filter>
    </ClCompile>
    <ClCompile Include="EnemyComponent.cpp">
      <Filter>Components\Source</Filter>
    </ClCompile>
    <ClCompile Include="FSMComponent.cpp">
      <Filter>Components\Source</Filter>
    </ClCompile>
    <ClCompile Include="GunComponent.cpp">
      <Filter>Components\Source</Filter>
    </ClCompile>
    <ClCompile Include="PlayerComponent.cpp">
      <Filter>Components\Source</Filter>
    </ClCompile>
  </ItemGroup>
</Project>