<?xml version="1.0" encoding="utf-8"?>
<Project ToolsVersion="4.0" xmlns="http://schemas.microsoft.com/developer/msbuild/2003">
  <ItemGroup>
    <Filter Include="소스 파일">
      <UniqueIdentifier>{4FC737F1-C7A5-4376-A066-2A32D752A2FF}</UniqueIdentifier>
      <Extensions>cpp;c;cc;cxx;c++;cppm;ixx;def;odl;idl;hpj;bat;asm;asmx</Extensions>
    </Filter>
    <Filter Include="헤더 파일">
      <UniqueIdentifier>{93995380-89BD-4b04-88EB-625FBE52EBFB}</UniqueIdentifier>
      <Extensions>h;hh;hpp;hxx;h++;hm;inl;inc;ipp;xsd</Extensions>
    </Filter>
    <Filter Include="리소스 파일">
      <UniqueIdentifier>{67DA6AB6-F800-4c08-8B7A-83BB121AAD01}</UniqueIdentifier>
      <Extensions>rc;ico;cur;bmp;dlg;rc2;rct;bin;rgs;gif;jpg;jpeg;jpe;resx;tiff;tif;png;wav;mfcribbon-ms</Extensions>
    </Filter>
    <Filter Include="소스 파일\Systems">
      <UniqueIdentifier>{3b6abd0c-26b6-48dd-bc04-30f4cbbafd58}</UniqueIdentifier>
    </Filter>
    <Filter Include="DataRegist">
      <UniqueIdentifier>{79705368-ab84-4f9e-8f32-87cff26474d1}</UniqueIdentifier>
    </Filter>
    <Filter Include="Components">
      <UniqueIdentifier>{888a3034-ac31-4f3c-ac2d-4c2847c60009}</UniqueIdentifier>
    </Filter>
    <Filter Include="Components\Source">
      <UniqueIdentifier>{f1bc4eb1-4705-4eac-97ad-bbc57a274af7}</UniqueIdentifier>
    </Filter>
    <Filter Include="Finite State Machine">
      <UniqueIdentifier>{2fa92122-942a-49e0-857f-4dc16b70b506}</UniqueIdentifier>
    </Filter>
    <Filter Include="Finite State Machine\Enemy">
      <UniqueIdentifier>{55285444-3572-4f67-9b44-7652d668b89c}</UniqueIdentifier>
    </Filter>
    <Filter Include="Finite State Machine\Enemy\Behavior">
      <UniqueIdentifier>{b60c7015-f757-439a-b9e8-3a7667162c73}</UniqueIdentifier>
    </Filter>
    <Filter Include="Finite State Machine\Enemy\Combat">
      <UniqueIdentifier>{1e5a8a63-91f8-48fd-9d6c-fe8461702e25}</UniqueIdentifier>
    </Filter>
    <Filter Include="Finite State Machine\Enemy\Movement">
      <UniqueIdentifier>{d62086a2-e80f-4763-bf59-c656eb213db1}</UniqueIdentifier>
    </Filter>
    <Filter Include="Player">
      <UniqueIdentifier>{ededd1ca-d9c9-412f-a71d-ea87a9284eef}</UniqueIdentifier>
    </Filter>
    <Filter Include="Player\Source">
      <UniqueIdentifier>{ae52ad58-7223-4c31-86ad-b908a87bd0d4}</UniqueIdentifier>
    </Filter>
    <Filter Include="Weapon">
      <UniqueIdentifier>{c940a953-1b70-44d5-8ae7-0df09ea5166a}</UniqueIdentifier>
    </Filter>
    <Filter Include="Weapon\Source">
      <UniqueIdentifier>{086eaea5-b33c-4bcf-9dbd-b3f005a7ef45}</UniqueIdentifier>
    </Filter>
    <Filter Include="Interection">
      <UniqueIdentifier>{d317c746-3024-4528-bc85-eacba2ca1c8d}</UniqueIdentifier>
    </Filter>
    <Filter Include="Interection\Source">
      <UniqueIdentifier>{db07b40f-58ce-4eef-a16e-376e66cb5dd2}</UniqueIdentifier>
    </Filter>
  </ItemGroup>
  <ItemGroup>
    <ClInclude Include="framework.h">
      <Filter>헤더 파일</Filter>
    </ClInclude>
    <ClInclude Include="pch.h">
      <Filter>헤더 파일</Filter>
    </ClInclude>
    <ClInclude Include="VPProcess.h">
      <Filter>헤더 파일</Filter>
    </ClInclude>
    <ClInclude Include="TestCameraSystem.h">
      <Filter>소스 파일\Systems</Filter>
    </ClInclude>
    <ClInclude Include="EnemySystem.h">
      <Filter>헤더 파일</Filter>
    </ClInclude>
    <ClInclude Include="VisPredStructs.h">
      <Filter>헤더 파일</Filter>
    </ClInclude>
    <ClInclude Include="DataRegister_Vispred.h">
      <Filter>DataRegist</Filter>
    </ClInclude>
    <ClInclude Include="GunSystem.h">
      <Filter>헤더 파일</Filter>
    </ClInclude>
    <ClInclude Include="GameLogicSystem.h">
      <Filter>헤더 파일</Filter>
    </ClInclude>
    <ClInclude Include="EnemyComponent.h">
      <Filter>Components</Filter>
    </ClInclude>
    <ClInclude Include="VisPredComponents.h">
      <Filter>Components</Filter>
    </ClInclude>
    <ClInclude Include="EnemyState.h">
      <Filter>Finite State Machine\Enemy</Filter>
    </ClInclude>
    <ClInclude Include="EnemyBehaviorState.h">
      <Filter>Finite State Machine\Enemy\Behavior</Filter>
    </ClInclude>
    <ClInclude Include="EnemyIdleState.h">
      <Filter>Finite State Machine\Enemy\Behavior</Filter>
    </ClInclude>
    <ClInclude Include="EnemyChaseState.h">
      <Filter>Finite State Machine\Enemy\Behavior</Filter>
    </ClInclude>
    <ClInclude Include="EnemyPatrolState.h">
      <Filter>Finite State Machine\Enemy\Behavior</Filter>
    </ClInclude>
    <ClInclude Include="EnemyDeadState.h">
      <Filter>Finite State Machine\Enemy\Behavior</Filter>
    </ClInclude>
    <ClInclude Include="EnemyBackpedalState.h">
      <Filter>Finite State Machine\Enemy\Movement</Filter>
    </ClInclude>
    <ClInclude Include="EnemyJumpState.h">
      <Filter>Finite State Machine\Enemy\Movement</Filter>
    </ClInclude>
    <ClInclude Include="EnemyRunState.h">
      <Filter>Finite State Machine\Enemy\Movement</Filter>
    </ClInclude>
    <ClInclude Include="EnemyWalkState.h">
      <Filter>Finite State Machine\Enemy\Movement</Filter>
    </ClInclude>
    <ClInclude Include="EnemyRangedAttackState.h">
      <Filter>Finite State Machine\Enemy\Combat</Filter>
    </ClInclude>
    <ClInclude Include="EnemyCombatState.h">
      <Filter>Finite State Machine\Enemy\Combat</Filter>
    </ClInclude>
    <ClInclude Include="EnemyMovementState.h">
      <Filter>Finite State Machine\Enemy\Movement</Filter>
    </ClInclude>
    <ClInclude Include="EnemyIdleMovementState.h">
      <Filter>Finite State Machine\Enemy\Movement</Filter>
    </ClInclude>
    <ClInclude Include="EnemyIdleCombatState.h">
      <Filter>Finite State Machine\Enemy\Combat</Filter>
    </ClInclude>
    <ClInclude Include="IState.h">
      <Filter>Finite State Machine</Filter>
    </ClInclude>
    <ClInclude Include="StatesInclude.h">
      <Filter>Finite State Machine</Filter>
    </ClInclude>
    <ClInclude Include="EnemyHitReactionState.h">
      <Filter>Finite State Machine\Enemy\Movement</Filter>
    </ClInclude>
    <ClInclude Include="EnemyIdleAttack.h">
      <Filter>Finite State Machine\Enemy\Movement</Filter>
    </ClInclude>
    <ClInclude Include="EnemyAttackState.h">
      <Filter>Finite State Machine\Enemy\Movement</Filter>
    </ClInclude>
    <ClInclude Include="SectorClearComponent.h">
      <Filter>헤더 파일</Filter>
    </ClInclude>
    <ClInclude Include="PlayerFSMSystem.h">
      <Filter>Player</Filter>
    </ClInclude>
    <ClInclude Include="PlayerMeleeComponent.h">
      <Filter>Player</Filter>
    </ClInclude>
    <ClInclude Include="PlayerSoundComponent.h">
      <Filter>Player</Filter>
    </ClInclude>
    <ClInclude Include="PlayerSystem.h">
      <Filter>Player</Filter>
    </ClInclude>
    <ClInclude Include="PlayerUISystem.h">
      <Filter>Player</Filter>
    </ClInclude>
    <ClInclude Include="AimUIComponent.h">
      <Filter>Weapon</Filter>
    </ClInclude>
    <ClInclude Include="AreaAttackComponent.h">
      <Filter>Weapon</Filter>
    </ClInclude>
    <ClInclude Include="AreaAttackSystem.h">
      <Filter>Weapon</Filter>
    </ClInclude>
    <ClInclude Include="BulletSystem.h">
      <Filter>Weapon</Filter>
    </ClInclude>
    <ClInclude Include="ShotGunBulletComponent.h">
      <Filter>Weapon</Filter>
    </ClInclude>
    <ClInclude Include="DoorComponent.h">
      <Filter>Interection</Filter>
    </ClInclude>
    <ClInclude Include="DoorOpenerComponent.h">
      <Filter>Interection</Filter>
    </ClInclude>
    <ClInclude Include="DoorSystem.h">
      <Filter>Interection</Filter>
    </ClInclude>
    <ClInclude Include="InterectiveComponent.h">
      <Filter>Interection</Filter>
    </ClInclude>
    <ClInclude Include="InterectiveSystem.h">
      <Filter>Interection</Filter>
    </ClInclude>
    <ClInclude Include="WeaponBoxComponent.h">
      <Filter>Interection</Filter>
    </ClInclude>
    <ClInclude Include="VPUIComponent.h">
      <Filter>Player</Filter>
    </ClInclude>
    <ClInclude Include="TrunComponent.h">
      <Filter>Weapon</Filter>
    </ClInclude>
    <ClInclude Include="TrunSystem.h">
      <Filter>Weapon</Filter>
    </ClInclude>
    <ClInclude Include="SectorSystem.h">
      <Filter>헤더 파일</Filter>
    </ClInclude>
    <ClInclude Include="BulletComponent.h">
      <Filter>Weapon</Filter>
    </ClInclude>
    <ClInclude Include="GunComponent.h">
      <Filter>Weapon</Filter>
    </ClInclude>
    <ClInclude Include="PlayerComponent.h">
      <Filter>Player</Filter>
    </ClInclude>
    <ClInclude Include="WeaponBoxSystem.h">
      <Filter>헤더 파일</Filter>
    </ClInclude>
    <ClInclude Include="CabinetComponent.h">
      <Filter>헤더 파일</Filter>
    </ClInclude>
    <ClInclude Include="CabinetSystem.h">
      <Filter>헤더 파일</Filter>
    </ClInclude>
    <ClInclude Include="VPDetectionComponent.h">
      <Filter>헤더 파일</Filter>
    </ClInclude>
    <ClInclude Include="VPDetectionSystem.h">
      <Filter>헤더 파일</Filter>
    </ClInclude>
    <ClInclude Include="DetectableComponent.h">
      <Filter>헤더 파일</Filter>
    </ClInclude>
    <ClInclude Include="EntityRemoverComponet.h">
      <Filter>헤더 파일</Filter>
    </ClInclude>
    <ClInclude Include="IdentityRemoverComponent.h">
      <Filter>헤더 파일</Filter>
    </ClInclude>
    <ClInclude Include="HPReducerComponent.h">
      <Filter>헤더 파일</Filter>
    </ClInclude>
    <ClInclude Include="EntityRemoverSystem.h">
      <Filter>헤더 파일</Filter>
    </ClInclude>
    <ClInclude Include="IdentityRemoverSystem.h">
      <Filter>헤더 파일</Filter>
    </ClInclude>
    <ClInclude Include="HPReducerButtonSystem.h">
      <Filter>헤더 파일</Filter>
    </ClInclude>
    <ClInclude Include="AutoPickComponent.h">
      <Filter>헤더 파일</Filter>
    </ClInclude>
    <ClInclude Include="AutoPickSystem.h">
      <Filter>헤더 파일</Filter>
    </ClInclude>
    <ClInclude Include="DoOnceComponent.h">
      <Filter>헤더 파일</Filter>
    </ClInclude>
    <ClInclude Include="DoOnceResetComponent.h">
      <Filter>헤더 파일</Filter>
    </ClInclude>
    <ClInclude Include="DoOnceSystem.h">
      <Filter>헤더 파일</Filter>
    </ClInclude>
    <ClInclude Include="SpawnerComponent.h">
      <Filter>헤더 파일</Filter>
    </ClInclude>
    <ClInclude Include="DoorAccessComponent.h">
      <Filter>헤더 파일</Filter>
    </ClInclude>
    <ClInclude Include="SpawnerSystem.h">
      <Filter>헤더 파일</Filter>
    </ClInclude>
    <ClInclude Include="EnemySoundComponent.h">
      <Filter>Components</Filter>
    </ClInclude>
  </ItemGroup>
  <ItemGroup>
    <ClCompile Include="pch.cpp">
      <Filter>소스 파일</Filter>
    </ClCompile>
    <ClCompile Include="VPProcess.cpp">
      <Filter>소스 파일</Filter>
    </ClCompile>
    <ClCompile Include="TestCameraSystem.cpp">
      <Filter>소스 파일\Systems</Filter>
    </ClCompile>
    <ClCompile Include="EnemySystem.cpp">
      <Filter>소스 파일</Filter>
    </ClCompile>
    <ClCompile Include="VisPredStructs.cpp">
      <Filter>소스 파일</Filter>
    </ClCompile>
    <ClCompile Include="DataRegister_Vispred.cpp">
      <Filter>DataRegist</Filter>
    </ClCompile>
    <ClCompile Include="EnemyComponent.cpp">
      <Filter>Components\Source</Filter>
    </ClCompile>
    <ClCompile Include="EnemyState.cpp">
      <Filter>Finite State Machine\Enemy</Filter>
    </ClCompile>
    <ClCompile Include="EnemyBehaviorState.cpp">
      <Filter>Finite State Machine\Enemy\Behavior</Filter>
    </ClCompile>
    <ClCompile Include="EnemyIdleState.cpp">
      <Filter>Finite State Machine\Enemy\Behavior</Filter>
    </ClCompile>
    <ClCompile Include="EnemyChaseState.cpp">
      <Filter>Finite State Machine\Enemy\Behavior</Filter>
    </ClCompile>
    <ClCompile Include="EnemyPatrolState.cpp">
      <Filter>Finite State Machine\Enemy\Behavior</Filter>
    </ClCompile>
    <ClCompile Include="EnemyDeadState.cpp">
      <Filter>Finite State Machine\Enemy\Behavior</Filter>
    </ClCompile>
    <ClCompile Include="EnemyBackpedalState.cpp">
      <Filter>Finite State Machine\Enemy\Movement</Filter>
    </ClCompile>
    <ClCompile Include="EnemyJumpState.cpp">
      <Filter>Finite State Machine\Enemy\Movement</Filter>
    </ClCompile>
    <ClCompile Include="EnemyRunState.cpp">
      <Filter>Finite State Machine\Enemy\Movement</Filter>
    </ClCompile>
    <ClCompile Include="EnemyWalkState.cpp">
      <Filter>Finite State Machine\Enemy\Movement</Filter>
    </ClCompile>
    <ClCompile Include="EnemyRangedAttackState.cpp">
      <Filter>Finite State Machine\Enemy\Combat</Filter>
    </ClCompile>
    <ClCompile Include="EnemyCombatState.cpp">
      <Filter>Finite State Machine\Enemy\Combat</Filter>
    </ClCompile>
    <ClCompile Include="EnemyMovementState.cpp">
      <Filter>Finite State Machine\Enemy\Movement</Filter>
    </ClCompile>
    <ClCompile Include="EnemyIdleMovementState.cpp">
      <Filter>Finite State Machine\Enemy\Movement</Filter>
    </ClCompile>
    <ClCompile Include="EnemyIdleCombatState.cpp">
      <Filter>Finite State Machine\Enemy\Combat</Filter>
    </ClCompile>
    <ClCompile Include="IState.cpp">
      <Filter>Finite State Machine</Filter>
    </ClCompile>
    <ClCompile Include="AimUIComponent.cpp">
      <Filter>소스 파일</Filter>
    </ClCompile>
    <ClCompile Include="EnemyHitReactionState.cpp">
      <Filter>Finite State Machine\Enemy\Movement</Filter>
    </ClCompile>
    <ClCompile Include="EnemyIdleAttack.cpp">
      <Filter>Finite State Machine\Enemy\Movement</Filter>
    </ClCompile>
    <ClCompile Include="EnemyAttackState.cpp">
      <Filter>Finite State Machine\Enemy\Movement</Filter>
    </ClCompile>
    <ClCompile Include="SectorClearComponent.cpp">
      <Filter>소스 파일</Filter>
    </ClCompile>
    <ClCompile Include="SectorSystem.cpp">
      <Filter>소스 파일</Filter>
    </ClCompile>
    <ClCompile Include="PlayerFSMSystem.cpp">
      <Filter>Player\Source</Filter>
    </ClCompile>
    <ClCompile Include="PlayerMeleeComponent.cpp">
      <Filter>Player\Source</Filter>
    </ClCompile>
    <ClCompile Include="PlayerSoundComponent.cpp">
      <Filter>Player\Source</Filter>
    </ClCompile>
    <ClCompile Include="PlayerSystem.cpp">
      <Filter>Player\Source</Filter>
    </ClCompile>
    <ClCompile Include="PlayerUISystem.cpp">
      <Filter>Player\Source</Filter>
    </ClCompile>
    <ClCompile Include="AreaAttackComponent.cpp">
      <Filter>Weapon\Source</Filter>
    </ClCompile>
    <ClCompile Include="AreaAttackSystem.cpp">
      <Filter>Weapon\Source</Filter>
    </ClCompile>
    <ClCompile Include="BulletSystem.cpp">
      <Filter>Weapon\Source</Filter>
    </ClCompile>
    <ClCompile Include="GunSystem.cpp">
      <Filter>Weapon\Source</Filter>
    </ClCompile>
    <ClCompile Include="ShotGunBulletComponent.cpp">
      <Filter>Weapon\Source</Filter>
    </ClCompile>
    <ClCompile Include="DoorComponent.cpp">
      <Filter>Interection\Source</Filter>
    </ClCompile>
    <ClCompile Include="DoorOpenerComponent.cpp">
      <Filter>Interection\Source</Filter>
    </ClCompile>
    <ClCompile Include="DoorSystem.cpp">
      <Filter>Interection\Source</Filter>
    </ClCompile>
    <ClCompile Include="InterectiveComponent.cpp">
      <Filter>Interection\Source</Filter>
    </ClCompile>
    <ClCompile Include="InterectiveSystem.cpp">
      <Filter>Interection\Source</Filter>
    </ClCompile>
    <ClCompile Include="WeaponBoxComponent.cpp">
      <Filter>Interection\Source</Filter>
    </ClCompile>
    <ClCompile Include="VPUIComponent.cpp">
      <Filter>Player\Source</Filter>
    </ClCompile>
    <ClCompile Include="TrunSystem.cpp">
      <Filter>Weapon\Source</Filter>
    </ClCompile>
    <ClCompile Include="TrunComponent.cpp">
      <Filter>Weapon\Source</Filter>
    </ClCompile>
    <ClCompile Include="BulletComponent.cpp">
      <Filter>Weapon\Source</Filter>
    </ClCompile>
    <ClCompile Include="GunComponent.cpp">
      <Filter>Weapon\Source</Filter>
    </ClCompile>
    <ClCompile Include="PlayerComponent.cpp">
      <Filter>Player\Source</Filter>
    </ClCompile>
    <ClCompile Include="WeaponBoxSystem.cpp">
      <Filter>소스 파일</Filter>
    </ClCompile>
    <ClCompile Include="CabinetComponent.cpp">
      <Filter>소스 파일</Filter>
    </ClCompile>
    <ClCompile Include="CabinetSystem.cpp">
      <Filter>소스 파일</Filter>
    </ClCompile>
    <ClCompile Include="VPDetectionComponent.cpp">
      <Filter>소스 파일</Filter>
    </ClCompile>
    <ClCompile Include="VPDetectionSystem.cpp">
      <Filter>소스 파일</Filter>
    </ClCompile>
    <ClCompile Include="DetectableComponent.cpp">
      <Filter>소스 파일</Filter>
    </ClCompile>
    <ClCompile Include="EntityRemoverComponet.cpp">
      <Filter>소스 파일</Filter>
    </ClCompile>
    <ClCompile Include="IdentityRemoverComponent.cpp">
      <Filter>소스 파일</Filter>
    </ClCompile>
    <ClCompile Include="HPReducerComponent.cpp">
      <Filter>소스 파일</Filter>
    </ClCompile>
    <ClCompile Include="EntityRemoverSystem.cpp">
      <Filter>소스 파일</Filter>
    </ClCompile>
    <ClCompile Include="IdentityRemoverSystem.cpp">
      <Filter>소스 파일</Filter>
    </ClCompile>
    <ClCompile Include="HPReducerButtonSystem.cpp">
      <Filter>소스 파일</Filter>
    </ClCompile>
    <ClCompile Include="AutoPickComponent.cpp">
      <Filter>소스 파일</Filter>
    </ClCompile>
    <ClCompile Include="AutoPickSystem.cpp">
      <Filter>소스 파일</Filter>
    </ClCompile>
    <ClCompile Include="DoOnceComponent.cpp">
      <Filter>소스 파일</Filter>
    </ClCompile>
    <ClCompile Include="DoOnceResetComponent.cpp">
      <Filter>소스 파일</Filter>
    </ClCompile>
    <ClCompile Include="DoOnceSystem.cpp">
      <Filter>소스 파일</Filter>
    </ClCompile>
    <ClCompile Include="SpawnerComponent.cpp">
      <Filter>소스 파일</Filter>
    </ClCompile>
    <ClCompile Include="DoorAccessComponent.cpp">
      <Filter>소스 파일</Filter>
    </ClCompile>
    <ClCompile Include="SpawnerSystem.cpp">
      <Filter>소스 파일</Filter>
    </ClCompile>
    <ClCompile Include="EnemySoundComponent.cpp">
      <Filter>Components\Source</Filter>
    </ClCompile>
  </ItemGroup>
</Project>