<?xml version="1.0" encoding="utf-8"?>
<Project ToolsVersion="4.0" xmlns="http://schemas.microsoft.com/developer/msbuild/2003">
  <ItemGroup>
    <Filter Include="헤더 파일">
      <UniqueIdentifier>{93995380-89BD-4b04-88EB-625FBE52EBFB}</UniqueIdentifier>
      <Extensions>h;hh;hpp;hxx;h++;hm;inl;inc;ipp;xsd</Extensions>
    </Filter>
    <Filter Include="GraphicsEngine">
      <UniqueIdentifier>{89297b2b-da77-48bc-9a83-34647083fbb5}</UniqueIdentifier>
    </Filter>
    <Filter Include="DXResource">
      <UniqueIdentifier>{9e3b65b6-bc3a-4d99-8494-77204bb2ae00}</UniqueIdentifier>
    </Filter>
    <Filter Include="DXResource\Device">
      <UniqueIdentifier>{4e3557e1-d62f-4f45-8071-ec72d3e451ec}</UniqueIdentifier>
    </Filter>
    <Filter Include="GraphicsEngine\Animator">
      <UniqueIdentifier>{80bed82e-0fff-45f6-9c9b-393d40f497a6}</UniqueIdentifier>
    </Filter>
    <Filter Include="GraphicsEngine\ResourceManager">
      <UniqueIdentifier>{afe051f0-b3a8-4137-8429-1f0ab42f6c08}</UniqueIdentifier>
    </Filter>
    <Filter Include="GraphicsEngine\ModelLoader">
      <UniqueIdentifier>{765b35ec-6ac2-4506-acfc-b6f7a7fad902}</UniqueIdentifier>
    </Filter>
    <Filter Include="Resource">
      <UniqueIdentifier>{5957083e-e3b2-4880-a1ce-6ebb37b165e6}</UniqueIdentifier>
    </Filter>
    <Filter Include="Resource\Interface">
      <UniqueIdentifier>{4cf1d488-1aff-4aa8-8158-a7f9eee9d96a}</UniqueIdentifier>
    </Filter>
    <Filter Include="Resource\VertexBuffer">
      <UniqueIdentifier>{dd8e2574-d372-4030-a2ac-412a608d927b}</UniqueIdentifier>
    </Filter>
    <Filter Include="Resource\IndexBuffer">
      <UniqueIdentifier>{3a653f12-fc5d-4b7e-909a-2f18629c1920}</UniqueIdentifier>
    </Filter>
    <Filter Include="StaticData">
      <UniqueIdentifier>{80928033-658b-4d31-a345-bc861c5fdf02}</UniqueIdentifier>
    </Filter>
    <Filter Include="Resource\RenderTargetView">
      <UniqueIdentifier>{9f21e5a0-f859-483c-8104-6a5aec714ac6}</UniqueIdentifier>
    </Filter>
    <Filter Include="Resource\DepthStencilView">
      <UniqueIdentifier>{27d99747-d3de-4415-b7d9-e8cd6f7c8990}</UniqueIdentifier>
    </Filter>
    <Filter Include="Resource\Object">
      <UniqueIdentifier>{bba3c6b3-38cd-45e9-8f0f-a607e71bc20e}</UniqueIdentifier>
    </Filter>
    <Filter Include="Resource\Object\ModelData">
      <UniqueIdentifier>{d39baa98-fb02-4292-a825-c5f7bbe11596}</UniqueIdentifier>
    </Filter>
    <Filter Include="Resource\Object\Node">
      <UniqueIdentifier>{d9c3781f-bcbe-48ef-ba5f-ff02b7d0f22a}</UniqueIdentifier>
    </Filter>
    <Filter Include="Resource\Object\Mesh">
      <UniqueIdentifier>{01cf5229-8aa6-4738-a458-4af83116bba9}</UniqueIdentifier>
    </Filter>
    <Filter Include="Resource\ConstantBuffer">
      <UniqueIdentifier>{6f366c8e-08a6-4e77-b80b-f942be155164}</UniqueIdentifier>
    </Filter>
    <Filter Include="Resource\RenderState">
      <UniqueIdentifier>{584032de-a968-476a-ab22-c5698850b751}</UniqueIdentifier>
    </Filter>
    <Filter Include="Resource\PixelShader">
      <UniqueIdentifier>{3a582e74-7212-4cca-ab7d-0612cb049099}</UniqueIdentifier>
    </Filter>
    <Filter Include="Resource\Interface\.h">
      <UniqueIdentifier>{72d6ecc8-18a7-4395-98ed-07a1354b953e}</UniqueIdentifier>
    </Filter>
    <Filter Include="Resource\Interface\.cpp">
      <UniqueIdentifier>{f1a4c5df-0dca-4d38-bee3-239068340686}</UniqueIdentifier>
    </Filter>
    <Filter Include="Resource\VertexShader">
      <UniqueIdentifier>{4a6a3542-7e8f-4c46-9ff0-474492ba1c31}</UniqueIdentifier>
    </Filter>
    <Filter Include="Resource\Texture2D">
      <UniqueIdentifier>{c75abc88-8be4-4249-81f1-9de186540733}</UniqueIdentifier>
    </Filter>
    <Filter Include="Resource\Object\Material">
      <UniqueIdentifier>{8e1fb402-cee1-4f02-a640-c4ef9281294a}</UniqueIdentifier>
    </Filter>
    <Filter Include="Resource\ShaderResourceView">
      <UniqueIdentifier>{b1ed6087-ce31-4867-8b66-d0ad422f20cc}</UniqueIdentifier>
    </Filter>
    <Filter Include="Resource\Object\Animation">
      <UniqueIdentifier>{84e49f22-5238-4f38-9422-25459c5d3d3c}</UniqueIdentifier>
    </Filter>
    <Filter Include="GraphicsEngine\Interface">
      <UniqueIdentifier>{f84c9c2c-0828-4506-951c-6b757cc418fc}</UniqueIdentifier>
    </Filter>
    <Filter Include="GraphicsEngine\Camera">
      <UniqueIdentifier>{685db6cc-d2a7-47b3-bef6-a27ee49a9576}</UniqueIdentifier>
    </Filter>
  </ItemGroup>
  <ItemGroup>
    <ClInclude Include="framework.h">
      <Filter>헤더 파일</Filter>
    </ClInclude>
    <ClInclude Include="pch.h">
      <Filter>헤더 파일</Filter>
    </ClInclude>
    <ClInclude Include="GraphicsEngine.h">
      <Filter>GraphicsEngine</Filter>
    </ClInclude>
    <ClInclude Include="Device.h">
      <Filter>DXResource\Device</Filter>
    </ClInclude>
    <ClInclude Include="Animator.h">
      <Filter>GraphicsEngine\Animator</Filter>
    </ClInclude>
    <ClInclude Include="ResourceManager.h">
      <Filter>GraphicsEngine\ResourceManager</Filter>
    </ClInclude>
    <ClInclude Include="ModelLoader.h">
      <Filter>GraphicsEngine\ModelLoader</Filter>
    </ClInclude>
    <ClInclude Include="VertexData.h">
      <Filter>StaticData</Filter>
    </ClInclude>
    <ClInclude Include="RenderTargetView.h">
      <Filter>Resource\RenderTargetView</Filter>
    </ClInclude>
    <ClInclude Include="DepthStencilView.h">
      <Filter>Resource\DepthStencilView</Filter>
    </ClInclude>
    <ClInclude Include="ModelData.h">
      <Filter>Resource\Object\ModelData</Filter>
    </ClInclude>
    <ClInclude Include="Node.h">
      <Filter>Resource\Object\Node</Filter>
    </ClInclude>
    <ClInclude Include="Mesh.h">
      <Filter>Resource\Object\Mesh</Filter>
    </ClInclude>
    <ClInclude Include="VertexBuffer.h">
      <Filter>Resource\VertexBuffer</Filter>
    </ClInclude>
    <ClInclude Include="IndexBuffer.h">
      <Filter>Resource\IndexBuffer</Filter>
    </ClInclude>
    <ClInclude Include="ConstantBuffer.h">
      <Filter>Resource\ConstantBuffer</Filter>
    </ClInclude>
    <ClInclude Include="RenderState.h">
      <Filter>Resource\RenderState</Filter>
    </ClInclude>
    <ClInclude Include="Buffer.h">
      <Filter>Resource\Interface\.h</Filter>
    </ClInclude>
    <ClInclude Include="Shader.h">
      <Filter>Resource\Interface\.h</Filter>
    </ClInclude>
    <ClInclude Include="Resource.h">
      <Filter>Resource\Interface\.h</Filter>
    </ClInclude>
    <ClInclude Include="PixelShader.h">
      <Filter>Resource\PixelShader</Filter>
    </ClInclude>
    <ClInclude Include="VertexShader.h">
      <Filter>Resource\VertexShader</Filter>
    </ClInclude>
    <ClInclude Include="Texture2D.h">
      <Filter>Resource\Texture2D</Filter>
    </ClInclude>
    <ClInclude Include="Material.h">
      <Filter>Resource\Object\Material</Filter>
    </ClInclude>
    <ClInclude Include="ShaderResourceView.h">
      <Filter>Resource\ShaderResourceView</Filter>
    </ClInclude>
    <ClInclude Include="Object.h">
      <Filter>Resource\Object</Filter>
    </ClInclude>
    <ClInclude Include="Animation.h">
      <Filter>Resource\Object\Animation</Filter>
    </ClInclude>
    <ClInclude Include="Desc.h">
      <Filter>StaticData</Filter>
    </ClInclude>
    <ClInclude Include="CBuffer.h">
      <Filter>StaticData</Filter>
    </ClInclude>
    <ClInclude Include="StaticData.h">
      <Filter>StaticData</Filter>
    </ClInclude>
    <ClInclude Include="MeshFilter.h">
      <Filter>StaticData</Filter>
    </ClInclude>
    <ClInclude Include="IGraphics.h">
      <Filter>GraphicsEngine\Interface</Filter>
    </ClInclude>
    <ClInclude Include="Camera.h">
      <Filter>GraphicsEngine\Camera</Filter>
    </ClInclude>
  </ItemGroup>
  <ItemGroup>
    <ClCompile Include="GraphicsEngine.cpp">
      <Filter>GraphicsEngine</Filter>
    </ClCompile>
    <ClCompile Include="Device.cpp">
      <Filter>DXResource\Device</Filter>
    </ClCompile>
    <ClCompile Include="pch.cpp">
      <Filter>헤더 파일</Filter>
    </ClCompile>
    <ClCompile Include="VPGraphics.cpp">
      <Filter>헤더 파일</Filter>
    </ClCompile>
    <ClCompile Include="Animator.cpp">
      <Filter>GraphicsEngine\Animator</Filter>
    </ClCompile>
    <ClCompile Include="ResourceManager.cpp">
      <Filter>GraphicsEngine\ResourceManager</Filter>
    </ClCompile>
    <ClCompile Include="ModelLoader.cpp">
      <Filter>GraphicsEngine\ModelLoader</Filter>
    </ClCompile>
    <ClCompile Include="RenderTargetView.cpp">
      <Filter>Resource\RenderTargetView</Filter>
    </ClCompile>
    <ClCompile Include="DepthStencilView.cpp">
      <Filter>Resource\DepthStencilView</Filter>
    </ClCompile>
    <ClCompile Include="ModelData.cpp">
      <Filter>Resource\Object\ModelData</Filter>
    </ClCompile>
    <ClCompile Include="Node.cpp">
      <Filter>Resource\Object\Node</Filter>
    </ClCompile>
    <ClCompile Include="Mesh.cpp">
      <Filter>Resource\Object\Mesh</Filter>
    </ClCompile>
    <ClCompile Include="VertexBuffer.cpp">
      <Filter>Resource\VertexBuffer</Filter>
    </ClCompile>
    <ClCompile Include="IndexBuffer.cpp">
      <Filter>Resource\IndexBuffer</Filter>
    </ClCompile>
    <ClCompile Include="ConstantBuffer.cpp">
      <Filter>Resource\ConstantBuffer</Filter>
    </ClCompile>
    <ClCompile Include="RenderState.cpp">
      <Filter>Resource\RenderState</Filter>
    </ClCompile>
    <ClCompile Include="Buffer.cpp">
      <Filter>Resource\Interface\.cpp</Filter>
    </ClCompile>
    <ClCompile Include="Resource.cpp">
      <Filter>Resource\Interface\.cpp</Filter>
    </ClCompile>
    <ClCompile Include="Shader.cpp">
      <Filter>Resource\Interface\.cpp</Filter>
    </ClCompile>
    <ClCompile Include="PixelShader.cpp">
      <Filter>Resource\PixelShader</Filter>
    </ClCompile>
    <ClCompile Include="VertexShader.cpp">
      <Filter>Resource\VertexShader</Filter>
    </ClCompile>
    <ClCompile Include="Texture2D.cpp">
      <Filter>Resource\Texture2D</Filter>
    </ClCompile>
    <ClCompile Include="Material.cpp">
      <Filter>Resource\Object\Material</Filter>
    </ClCompile>
    <ClCompile Include="ShaderResourceView.cpp">
      <Filter>Resource\ShaderResourceView</Filter>
    </ClCompile>
    <ClCompile Include="Object.cpp">
      <Filter>Resource\Object</Filter>
    </ClCompile>
    <ClCompile Include="Animation.cpp">
      <Filter>Resource\Object\Animation</Filter>
    </ClCompile>
    <ClCompile Include="Camera.cpp">
      <Filter>GraphicsEngine\Camera</Filter>
    </ClCompile>
  </ItemGroup>
</Project>