<?xml version="1.0" encoding="utf-8"?>
<Project ToolsVersion="4.0" xmlns="http://schemas.microsoft.com/developer/msbuild/2003">
  <ItemGroup>
    <Filter Include="GraphicsEngine">
      <UniqueIdentifier>{89297b2b-da77-48bc-9a83-34647083fbb5}</UniqueIdentifier>
    </Filter>
    <Filter Include="GraphicsEngine\Animator">
      <UniqueIdentifier>{80bed82e-0fff-45f6-9c9b-393d40f497a6}</UniqueIdentifier>
    </Filter>
    <Filter Include="GraphicsEngine\ModelLoader">
      <UniqueIdentifier>{765b35ec-6ac2-4506-acfc-b6f7a7fad902}</UniqueIdentifier>
    </Filter>
    <Filter Include="Resource">
      <UniqueIdentifier>{5957083e-e3b2-4880-a1ce-6ebb37b165e6}</UniqueIdentifier>
    </Filter>
    <Filter Include="Resource\Interface">
      <UniqueIdentifier>{4cf1d488-1aff-4aa8-8158-a7f9eee9d96a}</UniqueIdentifier>
    </Filter>
    <Filter Include="StaticData">
      <UniqueIdentifier>{80928033-658b-4d31-a345-bc861c5fdf02}</UniqueIdentifier>
    </Filter>
    <Filter Include="GraphicsEngine\Interface">
      <UniqueIdentifier>{f84c9c2c-0828-4506-951c-6b757cc418fc}</UniqueIdentifier>
    </Filter>
    <Filter Include="Manager">
      <UniqueIdentifier>{4ae7f061-e687-4787-8c31-8a318539e8e8}</UniqueIdentifier>
    </Filter>
    <Filter Include="HLSL">
      <UniqueIdentifier>{2644191c-0089-450a-83a0-e4b574d48fd7}</UniqueIdentifier>
    </Filter>
    <Filter Include="HLSL\Header">
      <UniqueIdentifier>{046dd9ee-14e0-454d-a71b-9bc325ac1f92}</UniqueIdentifier>
    </Filter>
    <Filter Include="HLSL\VS">
      <UniqueIdentifier>{e1a9206e-9e12-4076-84de-e092dcfee0b2}</UniqueIdentifier>
    </Filter>
    <Filter Include="HLSL\PS">
      <UniqueIdentifier>{e5d0da06-f72f-4857-aa80-1b34397a30e4}</UniqueIdentifier>
    </Filter>
    <Filter Include="Resource\Object">
      <UniqueIdentifier>{bba3c6b3-38cd-45e9-8f0f-a607e71bc20e}</UniqueIdentifier>
    </Filter>
    <Filter Include="Documents">
      <UniqueIdentifier>{00b75016-11a9-440c-82a0-ed8574f24721}</UniqueIdentifier>
    </Filter>
    <Filter Include="Pass">
      <UniqueIdentifier>{843efb03-28cc-4e23-a3bc-734b3ff128c9}</UniqueIdentifier>
    </Filter>
    <Filter Include="Pass\Common">
      <UniqueIdentifier>{d5002172-4996-4d87-89b0-062e69ac76cd}</UniqueIdentifier>
    </Filter>
    <Filter Include="Pass\DeferredShadingPipeline">
      <UniqueIdentifier>{91383f44-82c6-4f68-b914-c9cb25866cf2}</UniqueIdentifier>
    </Filter>
    <Filter Include="Pass\DeferredShadingPipeline\PostProcessing">
      <UniqueIdentifier>{f24fb4c7-af03-4dea-94f5-b3db89dc1390}</UniqueIdentifier>
    </Filter>
    <Filter Include="Pass\ForwardShadingPipeline">
      <UniqueIdentifier>{90c6f659-8a01-4190-add5-d7e3e4327f7e}</UniqueIdentifier>
    </Filter>
    <Filter Include="Pass\ForwardShadingPipeline\PostProcessing">
      <UniqueIdentifier>{8f253672-a887-456c-95fe-10d6208c4532}</UniqueIdentifier>
    </Filter>
    <Filter Include="GraphicsEngine\Common">
      <UniqueIdentifier>{50d90ac0-98ae-4fa5-8425-f9e4847a21e5}</UniqueIdentifier>
    </Filter>
    <Filter Include="Resource\CB">
      <UniqueIdentifier>{cdacdb04-eaee-4f5f-8730-6b6c3e4297bb}</UniqueIdentifier>
    </Filter>
    <Filter Include="Resource\DSV">
      <UniqueIdentifier>{7d03ec09-b781-4d86-b514-e33f2d2843b9}</UniqueIdentifier>
    </Filter>
    <Filter Include="Resource\PS">
      <UniqueIdentifier>{a00940c9-7d77-4f31-9720-8e00f2c7378b}</UniqueIdentifier>
    </Filter>
    <Filter Include="Resource\IB">
      <UniqueIdentifier>{e80f7d1d-4605-4e6e-8356-e08ba878a688}</UniqueIdentifier>
    </Filter>
    <Filter Include="Resource\RS">
      <UniqueIdentifier>{fbcdfc8b-300b-4b5e-b4e9-20a20232b57b}</UniqueIdentifier>
    </Filter>
    <Filter Include="Resource\VB">
      <UniqueIdentifier>{7c04d2b4-9519-43cd-8959-345de0b7f67c}</UniqueIdentifier>
    </Filter>
    <Filter Include="Resource\VS">
      <UniqueIdentifier>{650dc9c8-1391-404d-aaf5-361aac633a71}</UniqueIdentifier>
    </Filter>
    <Filter Include="Resource\Sampler">
      <UniqueIdentifier>{053341f8-6099-4484-a15e-b4e526cf4c39}</UniqueIdentifier>
    </Filter>
    <Filter Include="Resource\RTV">
      <UniqueIdentifier>{84812f59-c6e6-4d54-9f54-f3295763c85f}</UniqueIdentifier>
    </Filter>
    <Filter Include="Resource\SRV">
      <UniqueIdentifier>{19a30a7c-685b-4fec-a742-bd9fe6c2f9f5}</UniqueIdentifier>
    </Filter>
    <Filter Include="Resource\Texture2D">
      <UniqueIdentifier>{9af15107-859a-44eb-a26c-6c1dbfd4247b}</UniqueIdentifier>
    </Filter>
    <Filter Include="Resource\ViewPort">
      <UniqueIdentifier>{f9625000-8622-4dce-8590-3017be116282}</UniqueIdentifier>
    </Filter>
    <Filter Include="HLSL\GS">
      <UniqueIdentifier>{97d743dc-a32d-4f85-9f7b-a8d1dfbda007}</UniqueIdentifier>
    </Filter>
    <Filter Include="Utils">
      <UniqueIdentifier>{ae0ccb03-7af8-4c0a-86a0-57af8217d746}</UniqueIdentifier>
    </Filter>
    <Filter Include="HLSL\CS">
      <UniqueIdentifier>{9438a78e-f698-4aa4-9138-4ea8a9ad32fc}</UniqueIdentifier>
    </Filter>
  </ItemGroup>
  <ItemGroup>
    <ClInclude Include="GraphicsEngine.h">
      <Filter>GraphicsEngine</Filter>
    </ClInclude>
    <ClInclude Include="Animator.h">
      <Filter>GraphicsEngine\Animator</Filter>
    </ClInclude>
    <ClInclude Include="ModelLoader.h">
      <Filter>GraphicsEngine\ModelLoader</Filter>
    </ClInclude>
    <ClInclude Include="VertexData.h">
      <Filter>StaticData</Filter>
    </ClInclude>
    <ClInclude Include="Desc.h">
      <Filter>StaticData</Filter>
    </ClInclude>
    <ClInclude Include="CBuffer.h">
      <Filter>StaticData</Filter>
    </ClInclude>
    <ClInclude Include="StaticData.h">
      <Filter>StaticData</Filter>
    </ClInclude>
    <ClInclude Include="MeshFilter.h">
      <Filter>StaticData</Filter>
    </ClInclude>
    <ClInclude Include="IGraphics.h">
      <Filter>GraphicsEngine\Interface</Filter>
    </ClInclude>
    <ClInclude Include="LightManager.h">
      <Filter>Manager</Filter>
    </ClInclude>
    <ClInclude Include="ResourceManager.h">
      <Filter>Manager</Filter>
    </ClInclude>
    <ClInclude Include="Device.h">
      <Filter>GraphicsEngine</Filter>
    </ClInclude>
    <ClInclude Include="DebugDrawManager.h">
      <Filter>Manager</Filter>
    </ClInclude>
    <ClInclude Include="DeferredShadingPipeline.h">
      <Filter>Pass\DeferredShadingPipeline</Filter>
    </ClInclude>
    <ClInclude Include="OutlinePass.h">
      <Filter>Pass\DeferredShadingPipeline\PostProcessing</Filter>
    </ClInclude>
    <ClInclude Include="DebugDrawPass.h">
      <Filter>Pass\Common</Filter>
    </ClInclude>
    <ClInclude Include="ShadowPass.h">
      <Filter>Pass\Common</Filter>
    </ClInclude>
    <ClInclude Include="TransparentPass.h">
      <Filter>Pass\Common</Filter>
    </ClInclude>
    <ClInclude Include="ParticlePass.h">
      <Filter>Pass\Common</Filter>
    </ClInclude>
    <ClInclude Include="ForwardPipeline.h">
      <Filter>Pass\ForwardShadingPipeline</Filter>
    </ClInclude>
    <ClInclude Include="MotionBlurPass.h">
      <Filter>Pass\DeferredShadingPipeline\PostProcessing</Filter>
    </ClInclude>
    <ClInclude Include="DeferredGeometryPass.h">
      <Filter>Pass\DeferredShadingPipeline</Filter>
    </ClInclude>
    <ClInclude Include="DeferredLightPass.h">
      <Filter>Pass\DeferredShadingPipeline</Filter>
    </ClInclude>
    <ClInclude Include="Animation.h">
      <Filter>Resource\Object</Filter>
    </ClInclude>
    <ClInclude Include="Material.h">
      <Filter>Resource\Object</Filter>
    </ClInclude>
    <ClInclude Include="Mesh.h">
      <Filter>Resource\Object</Filter>
    </ClInclude>
    <ClInclude Include="ModelData.h">
      <Filter>Resource\Object</Filter>
    </ClInclude>
    <ClInclude Include="Node.h">
      <Filter>Resource\Object</Filter>
    </ClInclude>
    <ClInclude Include="Buffer.h">
      <Filter>Resource\Interface</Filter>
    </ClInclude>
    <ClInclude Include="Resource.h">
      <Filter>Resource\Interface</Filter>
    </ClInclude>
    <ClInclude Include="Shader.h">
      <Filter>Resource\Interface</Filter>
    </ClInclude>
    <ClInclude Include="vpGraphics.h">
      <Filter>GraphicsEngine\Common</Filter>
    </ClInclude>
    <ClInclude Include="Defines.h">
      <Filter>GraphicsEngine\Common</Filter>
    </ClInclude>
    <ClInclude Include="pch.h">
      <Filter>GraphicsEngine\Common</Filter>
    </ClInclude>
    <ClInclude Include="CommonInclude.h">
      <Filter>GraphicsEngine\Common</Filter>
    </ClInclude>
    <ClInclude Include="ConstantBuffer.h">
      <Filter>Resource\CB</Filter>
    </ClInclude>
    <ClInclude Include="DepthStencilView.h">
      <Filter>Resource\DSV</Filter>
    </ClInclude>
    <ClInclude Include="PixelShader.h">
      <Filter>Resource\PS</Filter>
    </ClInclude>
    <ClInclude Include="IndexBuffer.h">
      <Filter>Resource\IB</Filter>
    </ClInclude>
    <ClInclude Include="Slot.h">
      <Filter>StaticData</Filter>
    </ClInclude>
    <ClInclude Include="VertexBuffer.h">
      <Filter>Resource\VB</Filter>
    </ClInclude>
    <ClInclude Include="VertexShader.h">
      <Filter>Resource\VS</Filter>
    </ClInclude>
    <ClInclude Include="Sampler.h">
      <Filter>Resource\Sampler</Filter>
    </ClInclude>
    <ClInclude Include="RenderTargetView.h">
      <Filter>Resource\RTV</Filter>
    </ClInclude>
    <ClInclude Include="RenderPass.h">
      <Filter>Pass</Filter>
    </ClInclude>
    <ClInclude Include="RenderState.h">
      <Filter>Resource\RS</Filter>
    </ClInclude>
    <ClInclude Include="ShaderResourceView.h">
      <Filter>Resource\SRV</Filter>
    </ClInclude>
    <ClInclude Include="Texture2D.h">
      <Filter>Resource\Texture2D</Filter>
    </ClInclude>
    <ClInclude Include="FinalPass.h">
      <Filter>Pass\Common</Filter>
    </ClInclude>
    <ClInclude Include="ParticleManager.h">
      <Filter>Manager</Filter>
    </ClInclude>
    <ClInclude Include="D3DUtill.h">
      <Filter>Utils</Filter>
    </ClInclude>
    <ClInclude Include="ParticleObject.h">
      <Filter>GraphicsEngine</Filter>
    </ClInclude>
    <ClInclude Include="ViewPort.h">
      <Filter>Resource\ViewPort</Filter>
    </ClInclude>
  </ItemGroup>
  <ItemGroup>
    <ClCompile Include="GraphicsEngine.cpp">
      <Filter>GraphicsEngine</Filter>
    </ClCompile>
    <ClCompile Include="Animator.cpp">
      <Filter>GraphicsEngine\Animator</Filter>
    </ClCompile>
    <ClCompile Include="ModelLoader.cpp">
      <Filter>GraphicsEngine\ModelLoader</Filter>
    </ClCompile>
    <ClCompile Include="LightManager.cpp">
      <Filter>Manager</Filter>
    </ClCompile>
    <ClCompile Include="ResourceManager.cpp">
      <Filter>Manager</Filter>
    </ClCompile>
    <ClCompile Include="Device.cpp">
      <Filter>GraphicsEngine</Filter>
    </ClCompile>
    <ClCompile Include="DebugDrawManager.cpp">
      <Filter>Manager</Filter>
    </ClCompile>
    <ClCompile Include="RenderPass.cpp">
      <Filter>Pass</Filter>
    </ClCompile>
    <ClCompile Include="ForwardPipeline.cpp">
      <Filter>Pass\ForwardShadingPipeline</Filter>
    </ClCompile>
    <ClCompile Include="MotionBlurPass.cpp">
      <Filter>Pass\DeferredShadingPipeline\PostProcessing</Filter>
    </ClCompile>
    <ClCompile Include="OutlinePass.cpp">
      <Filter>Pass\DeferredShadingPipeline\PostProcessing</Filter>
    </ClCompile>
    <ClCompile Include="DeferredGeometryPass.cpp">
      <Filter>Pass\DeferredShadingPipeline</Filter>
    </ClCompile>
    <ClCompile Include="DeferredLightPass.cpp">
      <Filter>Pass\DeferredShadingPipeline</Filter>
    </ClCompile>
    <ClCompile Include="DeferredShadingPipeline.cpp">
      <Filter>Pass\DeferredShadingPipeline</Filter>
    </ClCompile>
    <ClCompile Include="ShadowPass.cpp">
      <Filter>Pass\Common</Filter>
    </ClCompile>
    <ClCompile Include="ParticlePass.cpp">
      <Filter>Pass\Common</Filter>
    </ClCompile>
    <ClCompile Include="TransparentPass.cpp">
      <Filter>Pass\Common</Filter>
    </ClCompile>
    <ClCompile Include="DebugDrawPass.cpp">
      <Filter>Pass\Common</Filter>
    </ClCompile>
    <ClCompile Include="Buffer.cpp">
      <Filter>Resource\Interface</Filter>
    </ClCompile>
    <ClCompile Include="Resource.cpp">
      <Filter>Resource\Interface</Filter>
    </ClCompile>
    <ClCompile Include="Shader.cpp">
      <Filter>Resource\Interface</Filter>
    </ClCompile>
    <ClCompile Include="pch.cpp">
      <Filter>GraphicsEngine\Common</Filter>
    </ClCompile>
    <ClCompile Include="Animation.cpp">
      <Filter>Resource\Object</Filter>
    </ClCompile>
    <ClCompile Include="Material.cpp">
      <Filter>Resource\Object</Filter>
    </ClCompile>
    <ClCompile Include="Mesh.cpp">
      <Filter>Resource\Object</Filter>
    </ClCompile>
    <ClCompile Include="ModelData.cpp">
      <Filter>Resource\Object</Filter>
    </ClCompile>
    <ClCompile Include="Node.cpp">
      <Filter>Resource\Object</Filter>
    </ClCompile>
    <ClCompile Include="ConstantBuffer.cpp">
      <Filter>Resource\CB</Filter>
    </ClCompile>
    <ClCompile Include="DepthStencilView.cpp">
      <Filter>Resource\DSV</Filter>
    </ClCompile>
    <ClCompile Include="PixelShader.cpp">
      <Filter>Resource\PS</Filter>
    </ClCompile>
    <ClCompile Include="IndexBuffer.cpp">
      <Filter>Resource\IB</Filter>
    </ClCompile>
    <ClCompile Include="RenderState.cpp">
      <Filter>Resource\RS</Filter>
    </ClCompile>
    <ClCompile Include="VertexBuffer.cpp">
      <Filter>Resource\VB</Filter>
    </ClCompile>
    <ClCompile Include="VertexShader.cpp">
      <Filter>Resource\VS</Filter>
    </ClCompile>
    <ClCompile Include="Sampler.cpp">
      <Filter>Resource\Sampler</Filter>
    </ClCompile>
    <ClCompile Include="RenderTargetView.cpp">
      <Filter>Resource\RTV</Filter>
    </ClCompile>
    <ClCompile Include="ShaderResourceView.cpp">
      <Filter>Resource\SRV</Filter>
    </ClCompile>
    <ClCompile Include="Texture2D.cpp">
      <Filter>Resource\Texture2D</Filter>
    </ClCompile>
    <ClCompile Include="FinalPass.cpp">
      <Filter>Pass\Common</Filter>
    </ClCompile>
    <ClCompile Include="ParticleManager.cpp">
      <Filter>Manager</Filter>
    </ClCompile>
    <ClCompile Include="D3DUtill.cpp">
      <Filter>Utils</Filter>
    </ClCompile>
    <ClCompile Include="ParticleObject.cpp">
      <Filter>GraphicsEngine</Filter>
    </ClCompile>
    <ClCompile Include="ViewPort.cpp">
      <Filter>Resource\ViewPort</Filter>
    </ClCompile>
  </ItemGroup>
  <ItemGroup>
    <FxCompile Include="BasePS.hlsl">
      <Filter>HLSL\PS</Filter>
    </FxCompile>
    <FxCompile Include="MeshDeferredGeometryPS.hlsl">
      <Filter>HLSL\PS</Filter>
    </FxCompile>
    <FxCompile Include="MeshDeferredLightPS.hlsl">
      <Filter>HLSL\PS</Filter>
    </FxCompile>
    <FxCompile Include="MeshPS.hlsl">
      <Filter>HLSL\PS</Filter>
    </FxCompile>
    <FxCompile Include="QuadVS.hlsl">
      <Filter>HLSL\VS</Filter>
    </FxCompile>
    <FxCompile Include="MeshVS.hlsl">
      <Filter>HLSL\VS</Filter>
    </FxCompile>
    <FxCompile Include="QuadPS.hlsl">
      <Filter>HLSL\PS</Filter>
    </FxCompile>
    <FxCompile Include="ParticleGS.hlsl">
      <Filter>HLSL\GS</Filter>
    </FxCompile>
    <FxCompile Include="ParticlePS.hlsl">
      <Filter>HLSL\PS</Filter>
    </FxCompile>
    <FxCompile Include="ParticleVS.hlsl">
      <Filter>HLSL\VS</Filter>
    </FxCompile>
  </ItemGroup>
  <ItemGroup>
    <None Include="Common.hlsli">
      <Filter>HLSL\Header</Filter>
    </None>
    <None Include="ResourceDiagram.cd">
      <Filter>Documents</Filter>
    </None>
  </ItemGroup>
</Project>